
Microsoft Visual Studio Solution File, Format Version 12.00
# Visual Studio 14
VisualStudioVersion = 14.0.23107.0
MinimumVisualStudioVersion = 10.0.40219.1
Project("{2150E333-8FDC-42A3-9474-1A3956D46DE8}") = "Sort", "Sort", "{CCA409BC-D77B-4613-95EC-3D8E01E92795}"
EndProject
Project("{8BC9CEB8-8B4A-11D0-8D11-00A0C91BC942}") = "Selection", "Selection\Selection.vcxproj", "{EC3F4DC3-2144-4F9E-8C0E-438834DF3E0B}"
EndProject
Project("{2150E333-8FDC-42A3-9474-1A3956D46DE8}") = "Graph", "Graph", "{499D7835-C59D-4FB9-B19E-6719B7BCEEF9}"
EndProject
Project("{8BC9CEB8-8B4A-11D0-8D11-00A0C91BC942}") = "Graph", "Graph\Graph.vcxproj", "{CEB8533A-D84D-44E6-ABE4-37AB90DAD878}"
EndProject
Project("{2150E333-8FDC-42A3-9474-1A3956D46DE8}") = "BinaryTree", "BinaryTree", "{27470254-2BC9-4E01-BA2B-0CD83E0AC690}"
EndProject
Project("{8BC9CEB8-8B4A-11D0-8D11-00A0C91BC942}") = "TreeSort", "ListSort\ListSort.vcxproj", "{46928C85-509E-41D0-BB8B-5D3EA0F66F87}"
EndProject
Global
	GlobalSection(SolutionConfigurationPlatforms) = preSolution
		Debug|x64 = Debug|x64
		Debug|x86 = Debug|x86
		Release|x64 = Release|x64
		Release|x86 = Release|x86
	EndGlobalSection
	GlobalSection(ProjectConfigurationPlatforms) = postSolution
		{EC3F4DC3-2144-4F9E-8C0E-438834DF3E0B}.Debug|x64.ActiveCfg = Debug|x64
		{EC3F4DC3-2144-4F9E-8C0E-438834DF3E0B}.Debug|x64.Build.0 = Debug|x64
		{EC3F4DC3-2144-4F9E-8C0E-438834DF3E0B}.Debug|x86.ActiveCfg = Debug|Win32
		{EC3F4DC3-2144-4F9E-8C0E-438834DF3E0B}.Debug|x86.Build.0 = Debug|Win32
		{EC3F4DC3-2144-4F9E-8C0E-438834DF3E0B}.Release|x64.ActiveCfg = Release|x64
		{EC3F4DC3-2144-4F9E-8C0E-438834DF3E0B}.Release|x64.Build.0 = Release|x64
		{EC3F4DC3-2144-4F9E-8C0E-438834DF3E0B}.Release|x86.ActiveCfg = Release|Win32
		{EC3F4DC3-2144-4F9E-8C0E-438834DF3E0B}.Release|x86.Build.0 = Release|Win32
		{CEB8533A-D84D-44E6-ABE4-37AB90DAD878}.Debug|x64.ActiveCfg = Debug|x64
		{CEB8533A-D84D-44E6-ABE4-37AB90DAD878}.Debug|x64.Build.0 = Debug|x64
		{CEB8533A-D84D-44E6-ABE4-37AB90DAD878}.Debug|x86.ActiveCfg = Debug|Win32
		{CEB8533A-D84D-44E6-ABE4-37AB90DAD878}.Debug|x86.Build.0 = Debug|Win32
		{CEB8533A-D84D-44E6-ABE4-37AB90DAD878}.Release|x64.ActiveCfg = Release|x64
		{CEB8533A-D84D-44E6-ABE4-37AB90DAD878}.Release|x64.Build.0 = Release|x64
		{CEB8533A-D84D-44E6-ABE4-37AB90DAD878}.Release|x86.ActiveCfg = Release|Win32
		{CEB8533A-D84D-44E6-ABE4-37AB90DAD878}.Release|x86.Build.0 = Release|Win32
		{46928C85-509E-41D0-BB8B-5D3EA0F66F87}.Debug|x64.ActiveCfg = Debug|x64
		{46928C85-509E-41D0-BB8B-5D3EA0F66F87}.Debug|x64.Build.0 = Debug|x64
		{46928C85-509E-41D0-BB8B-5D3EA0F66F87}.Debug|x86.ActiveCfg = Debug|Win32
		{46928C85-509E-41D0-BB8B-5D3EA0F66F87}.Debug|x86.Build.0 = Debug|Win32
		{46928C85-509E-41D0-BB8B-5D3EA0F66F87}.Release|x64.ActiveCfg = Release|x64
		{46928C85-509E-41D0-BB8B-5D3EA0F66F87}.Release|x64.Build.0 = Release|x64
		{46928C85-509E-41D0-BB8B-5D3EA0F66F87}.Release|x86.ActiveCfg = Release|Win32
		{46928C85-509E-41D0-BB8B-5D3EA0F66F87}.Release|x86.Build.0 = Release|Win32
	EndGlobalSection
	GlobalSection(SolutionProperties) = preSolution
		HideSolutionNode = FALSE
	EndGlobalSection
	GlobalSection(NestedProjects) = preSolution
		{EC3F4DC3-2144-4F9E-8C0E-438834DF3E0B} = {CCA409BC-D77B-4613-95EC-3D8E01E92795}
		{CEB8533A-D84D-44E6-ABE4-37AB90DAD878} = {499D7835-C59D-4FB9-B19E-6719B7BCEEF9}
		{46928C85-509E-41D0-BB8B-5D3EA0F66F87} = {27470254-2BC9-4E01-BA2B-0CD83E0AC690}
	EndGlobalSection
EndGlobal
